# This file is automatically @generated by Cargo.
# It is not intended for manual editing.
version = 4

[[package]]
name = "pdal-capi"
version = "0.0.0"
dependencies = [
 "pdal-core",
 "pdal-filters",
]

[[package]]
name = "pdal-core"
version = "0.0.0"

[[package]]
name = "pdal-filters"
version = "0.0.0"
dependencies = [
 "pdal-core",
]
